// !$*UTF8*$!
{
	archiveVersion = 1;
	classes = {
	};
	objectVersion = 53;
	objects = {

/* Begin PBXBuildFile section */
		2835C9C225125AF400A791BB /* CustomButton.swift in Sources */ = {isa = PBXBuildFile; fileRef = 2835C9C125125AF400A791BB /* CustomButton.swift */; };
		D32141F424D1F227008AC87B /* AppDelegate.swift in Sources */ = {isa = PBXBuildFile; fileRef = D32141F324D1F227008AC87B /* AppDelegate.swift */; };
		D32141F624D1F227008AC87B /* SceneDelegate.swift in Sources */ = {isa = PBXBuildFile; fileRef = D32141F524D1F227008AC87B /* SceneDelegate.swift */; };
		D32141FD24D1F229008AC87B /* Assets.xcassets in Resources */ = {isa = PBXBuildFile; fileRef = D32141FC24D1F229008AC87B /* Assets.xcassets */; };
		D321420024D1F229008AC87B /* LaunchScreen.storyboard in Resources */ = {isa = PBXBuildFile; fileRef = D32141FE24D1F229008AC87B /* LaunchScreen.storyboard */; };
		D321420D24D1F325008AC87B /* ChangeCityViewController.swift in Sources */ = {isa = PBXBuildFile; fileRef = D321420A24D1F325008AC87B /* ChangeCityViewController.swift */; };
		D321420E24D1F325008AC87B /* WeatherDataModel.swift in Sources */ = {isa = PBXBuildFile; fileRef = D321420B24D1F325008AC87B /* WeatherDataModel.swift */; };
		D321420F24D1F325008AC87B /* WeatherViewController.swift in Sources */ = {isa = PBXBuildFile; fileRef = D321420C24D1F325008AC87B /* WeatherViewController.swift */; };
		D33FDA2C2524CA23001AB210 /* Main.storyboard in Resources */ = {isa = PBXBuildFile; fileRef = D33FDA2A2524CA23001AB210 /* Main.storyboard */; };
		E41380E96FC59D8FA0A7531D /* Pods_Clima.framework in Frameworks */ = {isa = PBXBuildFile; fileRef = 6598575F4036542213BCF8FE /* Pods_Clima.framework */; };
/* End PBXBuildFile section */

/* Begin PBXFileReference section */
		2835C9C125125AF400A791BB /* CustomButton.swift */ = {isa = PBXFileReference; fileEncoding = 4; lastKnownFileType = sourcecode.swift; path = CustomButton.swift; sourceTree = "<group>"; };
		494351535287F32531A5FD30 /* Pods-Clima.release.xcconfig */ = {isa = PBXFileReference; includeInIndex = 1; lastKnownFileType = text.xcconfig; name = "Pods-Clima.release.xcconfig"; path = "Target Support Files/Pods-Clima/Pods-Clima.release.xcconfig"; sourceTree = "<group>"; };
		6598575F4036542213BCF8FE /* Pods_Clima.framework */ = {isa = PBXFileReference; explicitFileType = wrapper.framework; includeInIndex = 0; path = Pods_Clima.framework; sourceTree = BUILT_PRODUCTS_DIR; };
		756BC25AC41046F518E14F8B /* Pods-Clima.debug.xcconfig */ = {isa = PBXFileReference; includeInIndex = 1; lastKnownFileType = text.xcconfig; name = "Pods-Clima.debug.xcconfig"; path = "Target Support Files/Pods-Clima/Pods-Clima.debug.xcconfig"; sourceTree = "<group>"; };
		D32141F024D1F227008AC87B /* Clima.app */ = {isa = PBXFileReference; explicitFileType = wrapper.application; includeInIndex = 0; path = Clima.app; sourceTree = BUILT_PRODUCTS_DIR; };
		D32141F324D1F227008AC87B /* AppDelegate.swift */ = {isa = PBXFileReference; lastKnownFileType = sourcecode.swift; path = AppDelegate.swift; sourceTree = "<group>"; };
		D32141F524D1F227008AC87B /* SceneDelegate.swift */ = {isa = PBXFileReference; lastKnownFileType = sourcecode.swift; path = SceneDelegate.swift; sourceTree = "<group>"; };
		D32141FC24D1F229008AC87B /* Assets.xcassets */ = {isa = PBXFileReference; lastKnownFileType = folder.assetcatalog; path = Assets.xcassets; sourceTree = "<group>"; };
		D32141FF24D1F229008AC87B /* Base */ = {isa = PBXFileReference; lastKnownFileType = file.storyboard; name = Base; path = Base.lproj/LaunchScreen.storyboard; sourceTree = "<group>"; };
		D321420124D1F229008AC87B /* Info.plist */ = {isa = PBXFileReference; lastKnownFileType = text.plist.xml; path = Info.plist; sourceTree = "<group>"; };
		D321420A24D1F325008AC87B /* ChangeCityViewController.swift */ = {isa = PBXFileReference; fileEncoding = 4; lastKnownFileType = sourcecode.swift; path = ChangeCityViewController.swift; sourceTree = "<group>"; };
		D321420B24D1F325008AC87B /* WeatherDataModel.swift */ = {isa = PBXFileReference; fileEncoding = 4; lastKnownFileType = sourcecode.swift; path = WeatherDataModel.swift; sourceTree = "<group>"; };
		D321420C24D1F325008AC87B /* WeatherViewController.swift */ = {isa = PBXFileReference; fileEncoding = 4; lastKnownFileType = sourcecode.swift; path = WeatherViewController.swift; sourceTree = "<group>"; };
		D33FDA2B2524CA23001AB210 /* Base */ = {isa = PBXFileReference; lastKnownFileType = file.storyboard; name = Base; path = Base.lproj/Main.storyboard; sourceTree = "<group>"; };
/* End PBXFileReference section */

/* Begin PBXFrameworksBuildPhase section */
		D32141ED24D1F227008AC87B /* Frameworks */ = {
			isa = PBXFrameworksBuildPhase;
			buildActionMask = 2147483647;
			files = (
				E41380E96FC59D8FA0A7531D /* Pods_Clima.framework in Frameworks */,
			);
			runOnlyForDeploymentPostprocessing = 0;
		};
/* End PBXFrameworksBuildPhase section */

/* Begin PBXGroup section */
		3D39DF5F597F5CE5A22D93F0 /* Pods */ = {
			isa = PBXGroup;
			children = (
				756BC25AC41046F518E14F8B /* Pods-Clima.debug.xcconfig */,
				494351535287F32531A5FD30 /* Pods-Clima.release.xcconfig */,
			);
			path = Pods;
			sourceTree = "<group>";
		};
		87DB4789513CD69B34D8CE18 /* Frameworks */ = {
			isa = PBXGroup;
			children = (
				6598575F4036542213BCF8FE /* Pods_Clima.framework */,
			);
			name = Frameworks;
			sourceTree = "<group>";
		};
		D32141E724D1F227008AC87B = {
			isa = PBXGroup;
			children = (
				D32141F224D1F227008AC87B /* Clima */,
				D32141F124D1F227008AC87B /* Products */,
				3D39DF5F597F5CE5A22D93F0 /* Pods */,
				87DB4789513CD69B34D8CE18 /* Frameworks */,
			);
			sourceTree = "<group>";
		};
		D32141F124D1F227008AC87B /* Products */ = {
			isa = PBXGroup;
			children = (
				D32141F024D1F227008AC87B /* Clima.app */,
			);
			name = Products;
			sourceTree = "<group>";
		};
		D32141F224D1F227008AC87B /* Clima */ = {
			isa = PBXGroup;
			children = (
				D38682CE24E193640083F679 /* Controller */,
				D38682CC24E193120083F679 /* Model */,
				D38682CD24E193260083F679 /* Views */,
				D32141FC24D1F229008AC87B /* Assets.xcassets */,
				D321420124D1F229008AC87B /* Info.plist */,
			);
			path = Clima;
			sourceTree = "<group>";
		};
		D38682CC24E193120083F679 /* Model */ = {
			isa = PBXGroup;
			children = (
				D321420B24D1F325008AC87B /* WeatherDataModel.swift */,
			);
			path = Model;
			sourceTree = "<group>";
		};
		D38682CD24E193260083F679 /* Views */ = {
			isa = PBXGroup;
			children = (
				D33FDA2A2524CA23001AB210 /* Main.storyboard */,
				D32141FE24D1F229008AC87B /* LaunchScreen.storyboard */,
				D3DB887E251258C700397635 /* Components */,
			);
			path = Views;
			sourceTree = "<group>";
		};
		D38682CE24E193640083F679 /* Controller */ = {
			isa = PBXGroup;
			children = (
				D321420A24D1F325008AC87B /* ChangeCityViewController.swift */,
				D321420C24D1F325008AC87B /* WeatherViewController.swift */,
				D32141F324D1F227008AC87B /* AppDelegate.swift */,
				D32141F524D1F227008AC87B /* SceneDelegate.swift */,
			);
			path = Controller;
			sourceTree = "<group>";
		};
		D3DB887E251258C700397635 /* Components */ = {
			isa = PBXGroup;
			children = (
				2835C9C125125AF400A791BB /* CustomButton.swift */,
			);
			path = Components;
			sourceTree = "<group>";
		};
/* End PBXGroup section */

/* Begin PBXNativeTarget section */
		D32141EF24D1F227008AC87B /* Clima */ = {
			isa = PBXNativeTarget;
			buildConfigurationList = D321420424D1F229008AC87B /* Build configuration list for PBXNativeTarget "Clima" */;
			buildPhases = (
				E63EC3ED1AC7744C926D29F0 /* [CP] Check Pods Manifest.lock */,
				D32141EC24D1F227008AC87B /* Sources */,
				D32141ED24D1F227008AC87B /* Frameworks */,
				D32141EE24D1F227008AC87B /* Resources */,
				142800C845F4F569280A15AA /* [CP] Embed Pods Frameworks */,
			);
			buildRules = (
			);
			dependencies = (
			);
			name = Clima;
			productName = Clima;
			productReference = D32141F024D1F227008AC87B /* Clima.app */;
			productType = "com.apple.product-type.application";
		};
/* End PBXNativeTarget section */

/* Begin PBXProject section */
		D32141E824D1F227008AC87B /* Project object */ = {
			isa = PBXProject;
			attributes = {
				LastSwiftUpdateCheck = 1130;
				LastUpgradeCheck = 1130;
				ORGANIZATIONNAME = "LauDecked Devs";
				TargetAttributes = {
					D32141EF24D1F227008AC87B = {
						CreatedOnToolsVersion = 11.3.1;
					};
				};
			};
			buildConfigurationList = D32141EB24D1F227008AC87B /* Build configuration list for PBXProject "Clima" */;
			compatibilityVersion = "Xcode 11.4";
			developmentRegion = en;
			hasScannedForEncodings = 0;
			knownRegions = (
				en,
				Base,
			);
			mainGroup = D32141E724D1F227008AC87B;
			productRefGroup = D32141F124D1F227008AC87B /* Products */;
			projectDirPath = "";
			projectRoot = "";
			targets = (
				D32141EF24D1F227008AC87B /* Clima */,
			);
		};
/* End PBXProject section */

/* Begin PBXResourcesBuildPhase section */
		D32141EE24D1F227008AC87B /* Resources */ = {
			isa = PBXResourcesBuildPhase;
			buildActionMask = 2147483647;
			files = (
				D33FDA2C2524CA23001AB210 /* Main.storyboard in Resources */,
				D321420024D1F229008AC87B /* LaunchScreen.storyboard in Resources */,
				D32141FD24D1F229008AC87B /* Assets.xcassets in Resources */,
			);
			runOnlyForDeploymentPostprocessing = 0;
		};
/* End PBXResourcesBuildPhase section */

/* Begin PBXShellScriptBuildPhase section */
		142800C845F4F569280A15AA /* [CP] Embed Pods Frameworks */ = {
			isa = PBXShellScriptBuildPhase;
			buildActionMask = 2147483647;
			files = (
			);
			inputFileListPaths = (
				"${PODS_ROOT}/Target Support Files/Pods-Clima/Pods-Clima-frameworks-${CONFIGURATION}-input-files.xcfilelist",
			);
			name = "[CP] Embed Pods Frameworks";
			outputFileListPaths = (
				"${PODS_ROOT}/Target Support Files/Pods-Clima/Pods-Clima-frameworks-${CONFIGURATION}-output-files.xcfilelist",
			);
			runOnlyForDeploymentPostprocessing = 0;
			shellPath = /bin/sh;
			shellScript = "\"${PODS_ROOT}/Target Support Files/Pods-Clima/Pods-Clima-frameworks.sh\"\n";
			showEnvVarsInLog = 0;
		};
		E63EC3ED1AC7744C926D29F0 /* [CP] Check Pods Manifest.lock */ = {
			isa = PBXShellScriptBuildPhase;
			buildActionMask = 2147483647;
			files = (
			);
			inputFileListPaths = (
			);
			inputPaths = (
				"${PODS_PODFILE_DIR_PATH}/Podfile.lock",
				"${PODS_ROOT}/Manifest.lock",
			);
			name = "[CP] Check Pods Manifest.lock";
			outputFileListPaths = (
			);
			outputPaths = (
				"$(DERIVED_FILE_DIR)/Pods-Clima-checkManifestLockResult.txt",
			);
			runOnlyForDeploymentPostprocessing = 0;
			shellPath = /bin/sh;
			shellScript = "diff \"${PODS_PODFILE_DIR_PATH}/Podfile.lock\" \"${PODS_ROOT}/Manifest.lock\" > /dev/null\nif [ $? != 0 ] ; then\n    # print error to STDERR\n    echo \"error: The sandbox is not in sync with the Podfile.lock. Run 'pod install' or update your CocoaPods installation.\" >&2\n    exit 1\nfi\n# This output is used by Xcode 'outputs' to avoid re-running this script phase.\necho \"SUCCESS\" > \"${SCRIPT_OUTPUT_FILE_0}\"\n";
			showEnvVarsInLog = 0;
		};
/* End PBXShellScriptBuildPhase section */

/* Begin PBXSourcesBuildPhase section */
		D32141EC24D1F227008AC87B /* Sources */ = {
			isa = PBXSourcesBuildPhase;
			buildActionMask = 2147483647;
			files = (
				D321420E24D1F325008AC87B /* WeatherDataModel.swift in Sources */,
				D321420F24D1F325008AC87B /* WeatherViewController.swift in Sources */,
				2835C9C225125AF400A791BB /* CustomButton.swift in Sources */,
				D32141F424D1F227008AC87B /* AppDelegate.swift in Sources */,
				D32141F624D1F227008AC87B /* SceneDelegate.swift in Sources */,
				D321420D24D1F325008AC87B /* ChangeCityViewController.swift in Sources */,
			);
			runOnlyForDeploymentPostprocessing = 0;
		};
/* End PBXSourcesBuildPhase section */

/* Begin PBXVariantGroup section */
		D32141FE24D1F229008AC87B /* LaunchScreen.storyboard */ = {
			isa = PBXVariantGroup;
			children = (
				D32141FF24D1F229008AC87B /* Base */,
			);
			name = LaunchScreen.storyboard;
			sourceTree = "<group>";
		};
		D33FDA2A2524CA23001AB210 /* Main.storyboard */ = {
			isa = PBXVariantGroup;
			children = (
				D33FDA2B2524CA23001AB210 /* Base */,
			);
			name = Main.storyboard;
			sourceTree = "<group>";
		};
/* End PBXVariantGroup section */

/* Begin XCBuildConfiguration section */
		D321420224D1F229008AC87B /* Debug */ = {
			isa = XCBuildConfiguration;
			buildSettings = {
				ALWAYS_SEARCH_USER_PATHS = NO;
				CLANG_ANALYZER_NONNULL = YES;
				CLANG_ANALYZER_NUMBER_OBJECT_CONVERSION = YES_AGGRESSIVE;
				CLANG_CXX_LANGUAGE_STANDARD = "gnu++14";
				CLANG_CXX_LIBRARY = "libc++";
				CLANG_ENABLE_MODULES = YES;
				CLANG_ENABLE_OBJC_ARC = YES;
				CLANG_ENABLE_OBJC_WEAK = YES;
				CLANG_WARN_BLOCK_CAPTURE_AUTORELEASING = YES;
				CLANG_WARN_BOOL_CONVERSION = YES;
				CLANG_WARN_COMMA = YES;
				CLANG_WARN_CONSTANT_CONVERSION = YES;
				CLANG_WARN_DEPRECATED_OBJC_IMPLEMENTATIONS = YES;
				CLANG_WARN_DIRECT_OBJC_ISA_USAGE = YES_ERROR;
				CLANG_WARN_DOCUMENTATION_COMMENTS = YES;
				CLANG_WARN_EMPTY_BODY = YES;
				CLANG_WARN_ENUM_CONVERSION = YES;
				CLANG_WARN_INFINITE_RECURSION = YES;
				CLANG_WARN_INT_CONVERSION = YES;
				CLANG_WARN_NON_LITERAL_NULL_CONVERSION = YES;
				CLANG_WARN_OBJC_IMPLICIT_RETAIN_SELF = YES;
				CLANG_WARN_OBJC_LITERAL_CONVERSION = YES;
				CLANG_WARN_OBJC_ROOT_CLASS = YES_ERROR;
				CLANG_WARN_RANGE_LOOP_ANALYSIS = YES;
				CLANG_WARN_STRICT_PROTOTYPES = YES;
				CLANG_WARN_SUSPICIOUS_MOVE = YES;
				CLANG_WARN_UNGUARDED_AVAILABILITY = YES_AGGRESSIVE;
				CLANG_WARN_UNREACHABLE_CODE = YES;
				CLANG_WARN__DUPLICATE_METHOD_MATCH = YES;
				COPY_PHASE_STRIP = NO;
				DEBUG_INFORMATION_FORMAT = dwarf;
				ENABLE_STRICT_OBJC_MSGSEND = YES;
				ENABLE_TESTABILITY = YES;
				GCC_C_LANGUAGE_STANDARD = gnu11;
				GCC_DYNAMIC_NO_PIC = NO;
				GCC_NO_COMMON_BLOCKS = YES;
				GCC_OPTIMIZATION_LEVEL = 0;
				GCC_PREPROCESSOR_DEFINITIONS = (
					"DEBUG=1",
					"$(inherited)",
				);
				GCC_WARN_64_TO_32_BIT_CONVERSION = YES;
				GCC_WARN_ABOUT_RETURN_TYPE = YES_ERROR;
				GCC_WARN_UNDECLARED_SELECTOR = YES;
				GCC_WARN_UNINITIALIZED_AUTOS = YES_AGGRESSIVE;
				GCC_WARN_UNUSED_FUNCTION = YES;
				GCC_WARN_UNUSED_VARIABLE = YES;
				IPHONEOS_DEPLOYMENT_TARGET = 13.7;
				MTL_ENABLE_DEBUG_INFO = INCLUDE_SOURCE;
				MTL_FAST_MATH = YES;
				ONLY_ACTIVE_ARCH = YES;
				SDKROOT = iphoneos;
				SWIFT_ACTIVE_COMPILATION_CONDITIONS = DEBUG;
				SWIFT_OPTIMIZATION_LEVEL = "-Onone";
			};
			name = Debug;
		};
		D321420324D1F229008AC87B /* Release */ = {
			isa = XCBuildConfiguration;
			buildSettings = {
				ALWAYS_SEARCH_USER_PATHS = NO;
				CLANG_ANALYZER_NONNULL = YES;
				CLANG_ANALYZER_NUMBER_OBJECT_CONVERSION = YES_AGGRESSIVE;
				CLANG_CXX_LANGUAGE_STANDARD = "gnu++14";
				CLANG_CXX_LIBRARY = "libc++";
				CLANG_ENABLE_MODULES = YES;
				CLANG_ENABLE_OBJC_ARC = YES;
				CLANG_ENABLE_OBJC_WEAK = YES;
				CLANG_WARN_BLOCK_CAPTURE_AUTORELEASING = YES;
				CLANG_WARN_BOOL_CONVERSION = YES;
				CLANG_WARN_COMMA = YES;
				CLANG_WARN_CONSTANT_CONVERSION = YES;
				CLANG_WARN_DEPRECATED_OBJC_IMPLEMENTATIONS = YES;
				CLANG_WARN_DIRECT_OBJC_ISA_USAGE = YES_ERROR;
				CLANG_WARN_DOCUMENTATION_COMMENTS = YES;
				CLANG_WARN_EMPTY_BODY = YES;
				CLANG_WARN_ENUM_CONVERSION = YES;
				CLANG_WARN_INFINITE_RECURSION = YES;
				CLANG_WARN_INT_CONVERSION = YES;
				CLANG_WARN_NON_LITERAL_NULL_CONVERSION = YES;
				CLANG_WARN_OBJC_IMPLICIT_RETAIN_SELF = YES;
				CLANG_WARN_OBJC_LITERAL_CONVERSION = YES;
				CLANG_WARN_OBJC_ROOT_CLASS = YES_ERROR;
				CLANG_WARN_RANGE_LOOP_ANALYSIS = YES;
				CLANG_WARN_STRICT_PROTOTYPES = YES;
				CLANG_WARN_SUSPICIOUS_MOVE = YES;
				CLANG_WARN_UNGUARDED_AVAILABILITY = YES_AGGRESSIVE;
				CLANG_WARN_UNREACHABLE_CODE = YES;
				CLANG_WARN__DUPLICATE_METHOD_MATCH = YES;
				COPY_PHASE_STRIP = NO;
				DEBUG_INFORMATION_FORMAT = "dwarf-with-dsym";
				ENABLE_NS_ASSERTIONS = NO;
				ENABLE_STRICT_OBJC_MSGSEND = YES;
				GCC_C_LANGUAGE_STANDARD = gnu11;
				GCC_NO_COMMON_BLOCKS = YES;
				GCC_WARN_64_TO_32_BIT_CONVERSION = YES;
				GCC_WARN_ABOUT_RETURN_TYPE = YES_ERROR;
				GCC_WARN_UNDECLARED_SELECTOR = YES;
				GCC_WARN_UNINITIALIZED_AUTOS = YES_AGGRESSIVE;
				GCC_WARN_UNUSED_FUNCTION = YES;
				GCC_WARN_UNUSED_VARIABLE = YES;
				IPHONEOS_DEPLOYMENT_TARGET = 13.7;
				MTL_ENABLE_DEBUG_INFO = NO;
				MTL_FAST_MATH = YES;
				SDKROOT = iphoneos;
				SWIFT_COMPILATION_MODE = wholemodule;
				SWIFT_OPTIMIZATION_LEVEL = "-O";
				VALIDATE_PRODUCT = YES;
			};
			name = Release;
		};
		D321420524D1F229008AC87B /* Debug */ = {
			isa = XCBuildConfiguration;
			baseConfigurationReference = 756BC25AC41046F518E14F8B /* Pods-Clima.debug.xcconfig */;
			buildSettings = {
				ASSETCATALOG_COMPILER_APPICON_NAME = AppIcon;
				CODE_SIGN_STYLE = Automatic;
				DEVELOPMENT_TEAM = 7J2VC8DULL;
				INFOPLIST_FILE = Clima/Info.plist;
				LD_RUNPATH_SEARCH_PATHS = (
					"$(inherited)",
					"@executable_path/Frameworks",
				);
				PRODUCT_BUNDLE_IDENTIFIER = com.laudeckedgroup.Clima;
				PRODUCT_NAME = "$(TARGET_NAME)";
				SWIFT_VERSION = 5.0;
				TARGETED_DEVICE_FAMILY = 1;
			};
			name = Debug;
		};
		D321420624D1F229008AC87B /* Release */ = {
			isa = XCBuildConfiguration;
			baseConfigurationReference = 494351535287F32531A5FD30 /* Pods-Clima.release.xcconfig */;
			buildSettings = {
				ASSETCATALOG_COMPILER_APPICON_NAME = AppIcon;
				CODE_SIGN_STYLE = Automatic;
				DEVELOPMENT_TEAM = 7J2VC8DULL;
				INFOPLIST_FILE = Clima/Info.plist;
				LD_RUNPATH_SEARCH_PATHS = (
					"$(inherited)",
					"@executable_path/Frameworks",
				);
				PRODUCT_BUNDLE_IDENTIFIER = com.laudeckedgroup.Clima;
				PRODUCT_NAME = "$(TARGET_NAME)";
				SWIFT_VERSION = 5.0;
				TARGETED_DEVICE_FAMILY = 1;
			};
			name = Release;
		};
/* End XCBuildConfiguration section */

/* Begin XCConfigurationList section */
		D32141EB24D1F227008AC87B /* Build configuration list for PBXProject "Clima" */ = {
			isa = XCConfigurationList;
			buildConfigurations = (
				D321420224D1F229008AC87B /* Debug */,
				D321420324D1F229008AC87B /* Release */,
			);
			defaultConfigurationIsVisible = 0;
			defaultConfigurationName = Release;
		};
		D321420424D1F229008AC87B /* Build configuration list for PBXNativeTarget "Clima" */ = {
			isa = XCConfigurationList;
			buildConfigurations = (
				D321420524D1F229008AC87B /* Debug */,
				D321420624D1F229008AC87B /* Release */,
			);
			defaultConfigurationIsVisible = 0;
			defaultConfigurationName = Release;
		};
/* End XCConfigurationList section */
	};
	rootObject = D32141E824D1F227008AC87B /* Project object */;
}
